
Microsoft Visual Studio Solution File, Format Version 12.00
# Visual Studio Version 17
VisualStudioVersion = 17.5.33424.131
MinimumVisualStudioVersion = 10.0.40219.1
Project("{9A19103F-16F7-4668-BE54-9A1E7A4F7556}") = "StringCalculatorProject", "StringCalculatorProject\StringCalculatorProject.csproj", "{540C706F-5ED8-4978-8057-B56F475EF411}"
EndProject
Project("{FAE04EC0-301F-11D3-BF4B-00C04F79EFBC}") = "TestProject1", "TestProject1\TestProject1.csproj", "{13BD11C5-28BE-4F25-8E50-EB160F01696D}"
EndProject
Global
	GlobalSection(SolutionConfigurationPlatforms) = preSolution
		Debug|Any CPU = Debug|Any CPU
		Release|Any CPU = Release|Any CPU
	EndGlobalSection
	GlobalSection(ProjectConfigurationPlatforms) = postSolution
		{540C706F-5ED8-4978-8057-B56F475EF411}.Debug|Any CPU.ActiveCfg = Debug|Any CPU
		{540C706F-5ED8-4978-8057-B56F475EF411}.Debug|Any CPU.Build.0 = Debug|Any CPU
		{540C706F-5ED8-4978-8057-B56F475EF411}.Release|Any CPU.ActiveCfg = Release|Any CPU
		{540C706F-5ED8-4978-8057-B56F475EF411}.Release|Any CPU.Build.0 = Release|Any CPU
		{13BD11C5-28BE-4F25-8E50-EB160F01696D}.Debug|Any CPU.ActiveCfg = Debug|Any CPU
		{13BD11C5-28BE-4F25-8E50-EB160F01696D}.Debug|Any CPU.Build.0 = Debug|Any CPU
		{13BD11C5-28BE-4F25-8E50-EB160F01696D}.Release|Any CPU.ActiveCfg = Release|Any CPU
		{13BD11C5-28BE-4F25-8E50-EB160F01696D}.Release|Any CPU.Build.0 = Release|Any CPU
	EndGlobalSection
	GlobalSection(SolutionProperties) = preSolution
		HideSolutionNode = FALSE
	EndGlobalSection
	GlobalSection(ExtensibilityGlobals) = postSolution
		SolutionGuid = {69612A59-93E6-40B7-8DEC-29D5902230A9}
	EndGlobalSection
EndGlobal
